{
  "version": 4,
  "terraform_version": "1.0.5",
  "serial": 18,
  "lineage": "71008c7c-df8d-95e9-7a36-579814e50dbe",
  "outputs": {},
  "resources": [
    {
      "module": "module.notion",
      "mode": "managed",
      "type": "notion_database",
      "name": "events",
      "provider": "module.notion.provider[\"registry.terraform.io/theostanton/notion\"]",
      "instances": [
        {
          "schema_version": 0,
          "attributes": {
            "id": "5c5750e76b72481b871453f66be59971",
            "parent": "0f69b08d4b3c4974bf2c2a021280cf97",
            "title": "Tests - Events",
            "title_column_id": "Event",
            "title_column_title": "Event",
            "url": "notion.so/5c5750e76b72481b871453f66be59971"
          },
          "sensitive_attributes": [],
          "private": "bnVsbA=="
        }
      ]
    },
    {
      "module": "module.notion",
      "mode": "managed",
      "type": "notion_database",
      "name": "sessions",
      "provider": "module.notion.provider[\"registry.terraform.io/theostanton/notion\"]",
      "instances": [
        {
          "schema_version": 0,
          "attributes": {
            "id": "41f456d78b444b59ac09e81589ea91ca",
            "parent": "0f69b08d4b3c4974bf2c2a021280cf97",
            "title": "Tests - Sessions",
            "title_column_id": "ID",
            "title_column_title": "ID",
            "url": "notion.so/41f456d78b444b59ac09e81589ea91ca"
          },
          "sensitive_attributes": [],
          "private": "bnVsbA=="
        }
      ]
    },
    {
      "module": "module.notion",
      "mode": "managed",
      "type": "notion_database_property_relation",
      "name": "sessions_to_events",
      "provider": "module.notion.provider[\"registry.terraform.io/theostanton/notion\"]",
      "instances": [
        {
          "schema_version": 0,
          "attributes": {
            "database": "41f456d78b444b59ac09e81589ea91ca",
            "database_id": "5c5750e76b72481b871453f66be59971",
            "id": "Events",
            "name": "Events"
          },
          "sensitive_attributes": [],
          "private": "bnVsbA==",
          "dependencies": [
            "module.notion.notion_database.events",
            "module.notion.notion_database.sessions"
          ]
        }
      ]
    },
    {
      "module": "module.notion",
      "mode": "managed",
      "type": "notion_database_property_rich_text",
      "name": "sessions_user",
      "provider": "module.notion.provider[\"registry.terraform.io/theostanton/notion\"]",
      "instances": [
        {
          "schema_version": 0,
          "attributes": {
            "database": "41f456d78b444b59ac09e81589ea91ca",
            "id": "User",
            "name": "User"
          },
          "sensitive_attributes": [],
          "private": "bnVsbA==",
          "dependencies": [
            "module.notion.notion_database.sessions"
          ]
        }
      ]
    }
  ]
}
